
Microsoft Visual Studio Solution File, Format Version 12.00
# Visual Studio 15
VisualStudioVersion = 15.0.28307.106
MinimumVisualStudioVersion = 10.0.40219.1
Project("{9A19103F-16F7-4668-BE54-9A1E7A4F7556}") = "HelloRaspbian", "HelloRaspbian.csproj", "{B69C9C6D-1D14-491C-9BB5-C85BF982711E}"
EndProject
Global
	GlobalSection(SolutionConfigurationPlatforms) = preSolution
		Debug|Any CPU = Debug|Any CPU
		Release|Any CPU = Release|Any CPU
	EndGlobalSection
	GlobalSection(ProjectConfigurationPlatforms) = postSolution
		{B69C9C6D-1D14-491C-9BB5-C85BF982711E}.Debug|Any CPU.ActiveCfg = Release|Any CPU
		{B69C9C6D-1D14-491C-9BB5-C85BF982711E}.Debug|Any CPU.Build.0 = Release|Any CPU
		{B69C9C6D-1D14-491C-9BB5-C85BF982711E}.Release|Any CPU.ActiveCfg = Release|Any CPU
		{B69C9C6D-1D14-491C-9BB5-C85BF982711E}.Release|Any CPU.Build.0 = Release|Any CPU
	EndGlobalSection
	GlobalSection(SolutionProperties) = preSolution
		HideSolutionNode = FALSE
	EndGlobalSection
	GlobalSection(ExtensibilityGlobals) = postSolution
		SolutionGuid = {091D4424-9C7E-4271-9890-7EEE56D860C4}
	EndGlobalSection
EndGlobal
